
Microsoft Visual Studio Solution File, Format Version 12.00
Project("{FAE04EC0-301F-11D3-BF4B-00C04F79EFBC}") = "BasicProgrammingCSharp", "BasicProgrammingCSharp\BasicProgrammingCSharp.csproj", "{CA157BE5-B114-4D75-A71E-A46DE8B81387}"
EndProject
Project("{FAE04EC0-301F-11D3-BF4B-00C04F79EFBC}") = "ObjectOrientedProgrammingCSharp", "ObjectOrientedProgrammingCSharp\ObjectOrientedProgrammingCSharp.csproj", "{A41BF311-4D9E-45D2-931A-9B8CDE51147E}"
EndProject
Project("{FAE04EC0-301F-11D3-BF4B-00C04F79EFBC}") = "DatabaseConnectivity", "DatabaseConnectivity\DatabaseConnectivity.csproj", "{383975FF-A089-4BDD-96EC-9376E29C01EF}"
EndProject
Global
	GlobalSection(SolutionConfigurationPlatforms) = preSolution
		Debug|Any CPU = Debug|Any CPU
		Release|Any CPU = Release|Any CPU
	EndGlobalSection
	GlobalSection(ProjectConfigurationPlatforms) = postSolution
		{CA157BE5-B114-4D75-A71E-A46DE8B81387}.Debug|Any CPU.ActiveCfg = Debug|Any CPU
		{CA157BE5-B114-4D75-A71E-A46DE8B81387}.Debug|Any CPU.Build.0 = Debug|Any CPU
		{CA157BE5-B114-4D75-A71E-A46DE8B81387}.Release|Any CPU.ActiveCfg = Release|Any CPU
		{CA157BE5-B114-4D75-A71E-A46DE8B81387}.Release|Any CPU.Build.0 = Release|Any CPU
		{A41BF311-4D9E-45D2-931A-9B8CDE51147E}.Debug|Any CPU.ActiveCfg = Debug|Any CPU
		{A41BF311-4D9E-45D2-931A-9B8CDE51147E}.Debug|Any CPU.Build.0 = Debug|Any CPU
		{A41BF311-4D9E-45D2-931A-9B8CDE51147E}.Release|Any CPU.ActiveCfg = Release|Any CPU
		{A41BF311-4D9E-45D2-931A-9B8CDE51147E}.Release|Any CPU.Build.0 = Release|Any CPU
		{383975FF-A089-4BDD-96EC-9376E29C01EF}.Debug|Any CPU.ActiveCfg = Debug|Any CPU
		{383975FF-A089-4BDD-96EC-9376E29C01EF}.Debug|Any CPU.Build.0 = Debug|Any CPU
		{383975FF-A089-4BDD-96EC-9376E29C01EF}.Release|Any CPU.ActiveCfg = Release|Any CPU
		{383975FF-A089-4BDD-96EC-9376E29C01EF}.Release|Any CPU.Build.0 = Release|Any CPU
	EndGlobalSection
EndGlobal
