
Microsoft Visual Studio Solution File, Format Version 12.00
# Visual Studio Version 17
VisualStudioVersion = 17.5.001.0
MinimumVisualStudioVersion = 10.0.40219.1
Project("{9A19103F-16F7-4668-BE54-9A1E7A4F7556}") = "DatabaseConnectivity", "DatabaseConnectivity.csproj", "{615EA8D0-ED41-4C86-ADF6-F3B45F905AEE}"
EndProject
Global
	GlobalSection(SolutionConfigurationPlatforms) = preSolution
		Debug|Any CPU = Debug|Any CPU
		Release|Any CPU = Release|Any CPU
	EndGlobalSection
	GlobalSection(ProjectConfigurationPlatforms) = postSolution
		{615EA8D0-ED41-4C86-ADF6-F3B45F905AEE}.Debug|Any CPU.ActiveCfg = Debug|Any CPU
		{615EA8D0-ED41-4C86-ADF6-F3B45F905AEE}.Debug|Any CPU.Build.0 = Debug|Any CPU
		{615EA8D0-ED41-4C86-ADF6-F3B45F905AEE}.Release|Any CPU.ActiveCfg = Release|Any CPU
		{615EA8D0-ED41-4C86-ADF6-F3B45F905AEE}.Release|Any CPU.Build.0 = Release|Any CPU
	EndGlobalSection
	GlobalSection(SolutionProperties) = preSolution
		HideSolutionNode = FALSE
	EndGlobalSection
	GlobalSection(ExtensibilityGlobals) = postSolution
		SolutionGuid = {381860AF-026C-4129-934A-88B4D8E53836}
	EndGlobalSection
EndGlobal
